// !$*UTF8*$!
{
	archiveVersion = 1;
	classes = {
	};
	objectVersion = 50;
	objects = {

/* Begin PBXBuildFile section */
		011A3DEB886C9AFDB8D51B53 /* Pods_Tinsnappook.framework in Frameworks */ = {isa = PBXBuildFile; fileRef = 715730B42FD77F36B61DFBF6 /* Pods_Tinsnappook.framework */; };
		840F3A3A20A1E9C4000B46E0 /* ProfileUser.swift in Sources */ = {isa = PBXBuildFile; fileRef = 840F3A3920A1E9C4000B46E0 /* ProfileUser.swift */; };
		840F3A3C20A1EAB7000B46E0 /* ConfigRevealView.swift in Sources */ = {isa = PBXBuildFile; fileRef = 840F3A3B20A1EAB7000B46E0 /* ConfigRevealView.swift */; };
		8446B2EE20A488C3001E70BE /* PostsService.swift in Sources */ = {isa = PBXBuildFile; fileRef = 8446B2ED20A488C3001E70BE /* PostsService.swift */; };
		8446B2F020A4D6AC001E70BE /* PostTableViewCell.swift in Sources */ = {isa = PBXBuildFile; fileRef = 8446B2EF20A4D6AC001E70BE /* PostTableViewCell.swift */; };
		8446B2F320A4DB14001E70BE /* Friend.swift in Sources */ = {isa = PBXBuildFile; fileRef = 8446B2F220A4DB14001E70BE /* Friend.swift */; };
		8446B2F520A4DCEC001E70BE /* FriendsService.swift in Sources */ = {isa = PBXBuildFile; fileRef = 8446B2F420A4DCEC001E70BE /* FriendsService.swift */; };
		845626E620A611AF006D55E1 /* DatePickerViewController.swift in Sources */ = {isa = PBXBuildFile; fileRef = 845626E520A611AF006D55E1 /* DatePickerViewController.swift */; };
		845626E820A61D06006D55E1 /* FactoryFormatterDate.swift in Sources */ = {isa = PBXBuildFile; fileRef = 845626E720A61D06006D55E1 /* FactoryFormatterDate.swift */; };
		8492A11C20A0C59700729C60 /* AppDelegate.swift in Sources */ = {isa = PBXBuildFile; fileRef = 8492A11B20A0C59700729C60 /* AppDelegate.swift */; };
		8492A11E20A0C59700729C60 /* AccessViewController.swift in Sources */ = {isa = PBXBuildFile; fileRef = 8492A11D20A0C59700729C60 /* AccessViewController.swift */; };
		8492A12120A0C59700729C60 /* Main.storyboard in Resources */ = {isa = PBXBuildFile; fileRef = 8492A11F20A0C59700729C60 /* Main.storyboard */; };
		8492A12320A0C59800729C60 /* Assets.xcassets in Resources */ = {isa = PBXBuildFile; fileRef = 8492A12220A0C59800729C60 /* Assets.xcassets */; };
		8492A12620A0C59800729C60 /* LaunchScreen.storyboard in Resources */ = {isa = PBXBuildFile; fileRef = 8492A12420A0C59800729C60 /* LaunchScreen.storyboard */; };
		8492A12E20A0DBC300729C60 /* GoogleService-Info.plist in Resources */ = {isa = PBXBuildFile; fileRef = 8492A12D20A0DBC300729C60 /* GoogleService-Info.plist */; };
		8492A13020A0E45A00729C60 /* ConfigActivityIndicator.swift in Sources */ = {isa = PBXBuildFile; fileRef = 8492A12F20A0E45A00729C60 /* ConfigActivityIndicator.swift */; };
		8492A13320A0EB4800729C60 /* AlertControllerHelper.swift in Sources */ = {isa = PBXBuildFile; fileRef = 8492A13220A0EB4800729C60 /* AlertControllerHelper.swift */; };
		8492A13720A0F07700729C60 /* SWRevealViewController.m in Sources */ = {isa = PBXBuildFile; fileRef = 8492A13620A0F07600729C60 /* SWRevealViewController.m */; };
		8492A13A20A0FBED00729C60 /* LastNewsTableViewController.swift in Sources */ = {isa = PBXBuildFile; fileRef = 8492A13920A0FBED00729C60 /* LastNewsTableViewController.swift */; };
		84D158E620A3A72F00B0957B /* ToDo in Resources */ = {isa = PBXBuildFile; fileRef = 84D158E520A3A72F00B0957B /* ToDo */; };
		84D158E820A3AACA00B0957B /* PostViewController.swift in Sources */ = {isa = PBXBuildFile; fileRef = 84D158E720A3AACA00B0957B /* PostViewController.swift */; };
		84D158EA20A3B4E800B0957B /* Post.swift in Sources */ = {isa = PBXBuildFile; fileRef = 84D158E920A3B4E800B0957B /* Post.swift */; };
/* End PBXBuildFile section */

/* Begin PBXFileReference section */
		23D79FC58A6B5CF6F835E667 /* Pods-Tinsnappook.debug.xcconfig */ = {isa = PBXFileReference; includeInIndex = 1; lastKnownFileType = text.xcconfig; name = "Pods-Tinsnappook.debug.xcconfig"; path = "Pods/Target Support Files/Pods-Tinsnappook/Pods-Tinsnappook.debug.xcconfig"; sourceTree = "<group>"; };
		303DEBF8699B0336B342FC2D /* Pods-Tinsnappook.release.xcconfig */ = {isa = PBXFileReference; includeInIndex = 1; lastKnownFileType = text.xcconfig; name = "Pods-Tinsnappook.release.xcconfig"; path = "Pods/Target Support Files/Pods-Tinsnappook/Pods-Tinsnappook.release.xcconfig"; sourceTree = "<group>"; };
		715730B42FD77F36B61DFBF6 /* Pods_Tinsnappook.framework */ = {isa = PBXFileReference; explicitFileType = wrapper.framework; includeInIndex = 0; path = Pods_Tinsnappook.framework; sourceTree = BUILT_PRODUCTS_DIR; };
		840F3A3920A1E9C4000B46E0 /* ProfileUser.swift */ = {isa = PBXFileReference; lastKnownFileType = sourcecode.swift; path = ProfileUser.swift; sourceTree = "<group>"; };
		840F3A3B20A1EAB7000B46E0 /* ConfigRevealView.swift */ = {isa = PBXFileReference; lastKnownFileType = sourcecode.swift; path = ConfigRevealView.swift; sourceTree = "<group>"; };
		8446B2ED20A488C3001E70BE /* PostsService.swift */ = {isa = PBXFileReference; fileEncoding = 4; lastKnownFileType = sourcecode.swift; path = PostsService.swift; sourceTree = "<group>"; };
		8446B2EF20A4D6AC001E70BE /* PostTableViewCell.swift */ = {isa = PBXFileReference; lastKnownFileType = sourcecode.swift; path = PostTableViewCell.swift; sourceTree = "<group>"; };
		8446B2F220A4DB14001E70BE /* Friend.swift */ = {isa = PBXFileReference; lastKnownFileType = sourcecode.swift; path = Friend.swift; sourceTree = "<group>"; };
		8446B2F420A4DCEC001E70BE /* FriendsService.swift */ = {isa = PBXFileReference; lastKnownFileType = sourcecode.swift; path = FriendsService.swift; sourceTree = "<group>"; };
		845626E520A611AF006D55E1 /* DatePickerViewController.swift */ = {isa = PBXFileReference; lastKnownFileType = sourcecode.swift; path = DatePickerViewController.swift; sourceTree = "<group>"; };
		845626E720A61D06006D55E1 /* FactoryFormatterDate.swift */ = {isa = PBXFileReference; lastKnownFileType = sourcecode.swift; path = FactoryFormatterDate.swift; sourceTree = "<group>"; };
		8492A11820A0C59700729C60 /* Tinsnappook.app */ = {isa = PBXFileReference; explicitFileType = wrapper.application; includeInIndex = 0; path = Tinsnappook.app; sourceTree = BUILT_PRODUCTS_DIR; };
		8492A11B20A0C59700729C60 /* AppDelegate.swift */ = {isa = PBXFileReference; lastKnownFileType = sourcecode.swift; path = AppDelegate.swift; sourceTree = "<group>"; };
		8492A11D20A0C59700729C60 /* AccessViewController.swift */ = {isa = PBXFileReference; lastKnownFileType = sourcecode.swift; path = AccessViewController.swift; sourceTree = "<group>"; };
		8492A12020A0C59700729C60 /* Base */ = {isa = PBXFileReference; lastKnownFileType = file.storyboard; name = Base; path = Base.lproj/Main.storyboard; sourceTree = "<group>"; };
		8492A12220A0C59800729C60 /* Assets.xcassets */ = {isa = PBXFileReference; lastKnownFileType = folder.assetcatalog; path = Assets.xcassets; sourceTree = "<group>"; };
		8492A12520A0C59800729C60 /* Base */ = {isa = PBXFileReference; lastKnownFileType = file.storyboard; name = Base; path = Base.lproj/LaunchScreen.storyboard; sourceTree = "<group>"; };
		8492A12720A0C59800729C60 /* Info.plist */ = {isa = PBXFileReference; lastKnownFileType = text.plist.xml; path = Info.plist; sourceTree = "<group>"; };
		8492A12D20A0DBC300729C60 /* GoogleService-Info.plist */ = {isa = PBXFileReference; fileEncoding = 4; lastKnownFileType = text.plist.xml; path = "GoogleService-Info.plist"; sourceTree = "<group>"; };
		8492A12F20A0E45A00729C60 /* ConfigActivityIndicator.swift */ = {isa = PBXFileReference; lastKnownFileType = sourcecode.swift; path = ConfigActivityIndicator.swift; sourceTree = "<group>"; };
		8492A13220A0EB4800729C60 /* AlertControllerHelper.swift */ = {isa = PBXFileReference; lastKnownFileType = sourcecode.swift; path = AlertControllerHelper.swift; sourceTree = "<group>"; };
		8492A13520A0F07600729C60 /* SWRevealViewController.h */ = {isa = PBXFileReference; fileEncoding = 4; lastKnownFileType = sourcecode.c.h; path = SWRevealViewController.h; sourceTree = "<group>"; };
		8492A13620A0F07600729C60 /* SWRevealViewController.m */ = {isa = PBXFileReference; fileEncoding = 4; lastKnownFileType = sourcecode.c.objc; path = SWRevealViewController.m; sourceTree = "<group>"; };
		8492A13820A0F0C800729C60 /* RevealViewBridging.h */ = {isa = PBXFileReference; lastKnownFileType = sourcecode.c.h; path = RevealViewBridging.h; sourceTree = "<group>"; };
		8492A13920A0FBED00729C60 /* LastNewsTableViewController.swift */ = {isa = PBXFileReference; lastKnownFileType = sourcecode.swift; path = LastNewsTableViewController.swift; sourceTree = "<group>"; };
		84D158E520A3A72F00B0957B /* ToDo */ = {isa = PBXFileReference; lastKnownFileType = text; path = ToDo; sourceTree = "<group>"; };
		84D158E720A3AACA00B0957B /* PostViewController.swift */ = {isa = PBXFileReference; lastKnownFileType = sourcecode.swift; path = PostViewController.swift; sourceTree = "<group>"; };
		84D158E920A3B4E800B0957B /* Post.swift */ = {isa = PBXFileReference; lastKnownFileType = sourcecode.swift; path = Post.swift; sourceTree = "<group>"; };
/* End PBXFileReference section */

/* Begin PBXFrameworksBuildPhase section */
		8492A11520A0C59700729C60 /* Frameworks */ = {
			isa = PBXFrameworksBuildPhase;
			buildActionMask = 2147483647;
			files = (
				011A3DEB886C9AFDB8D51B53 /* Pods_Tinsnappook.framework in Frameworks */,
			);
			runOnlyForDeploymentPostprocessing = 0;
		};
/* End PBXFrameworksBuildPhase section */

/* Begin PBXGroup section */
		8446B2EC20A47DA8001E70BE /* services */ = {
			isa = PBXGroup;
			children = (
				8446B2ED20A488C3001E70BE /* PostsService.swift */,
				8446B2F420A4DCEC001E70BE /* FriendsService.swift */,
			);
			path = services;
			sourceTree = "<group>";
		};
		8446B2F120A4D6BB001E70BE /* views */ = {
			isa = PBXGroup;
			children = (
				8446B2EF20A4D6AC001E70BE /* PostTableViewCell.swift */,
			);
			path = views;
			sourceTree = "<group>";
		};
		8492A10F20A0C59700729C60 = {
			isa = PBXGroup;
			children = (
				8492A11A20A0C59700729C60 /* Tinsnappook */,
				8492A11920A0C59700729C60 /* Products */,
				C34501EB3FFC4B57F29BAE03 /* Pods */,
				DC3CAD956C2E46C7E628AF3C /* Frameworks */,
			);
			sourceTree = "<group>";
		};
		8492A11920A0C59700729C60 /* Products */ = {
			isa = PBXGroup;
			children = (
				8492A11820A0C59700729C60 /* Tinsnappook.app */,
			);
			name = Products;
			sourceTree = "<group>";
		};
		8492A11A20A0C59700729C60 /* Tinsnappook */ = {
			isa = PBXGroup;
			children = (
				84D158E520A3A72F00B0957B /* ToDo */,
				8492A11B20A0C59700729C60 /* AppDelegate.swift */,
				8492A11F20A0C59700729C60 /* Main.storyboard */,
				8492A13820A0F0C800729C60 /* RevealViewBridging.h */,
				8492A13420A0F07600729C60 /* SWRevealViewController */,
				8492A13B20A1051300729C60 /* controllers */,
				8446B2F120A4D6BB001E70BE /* views */,
				84D158EB20A3B85200B0957B /* models */,
				8446B2EC20A47DA8001E70BE /* services */,
				8492A13120A0E46B00729C60 /* helpers */,
				8492A12220A0C59800729C60 /* Assets.xcassets */,
				8492A12420A0C59800729C60 /* LaunchScreen.storyboard */,
				8492A12720A0C59800729C60 /* Info.plist */,
				8492A12D20A0DBC300729C60 /* GoogleService-Info.plist */,
			);
			path = Tinsnappook;
			sourceTree = "<group>";
		};
		8492A13120A0E46B00729C60 /* helpers */ = {
			isa = PBXGroup;
			children = (
				8492A12F20A0E45A00729C60 /* ConfigActivityIndicator.swift */,
				8492A13220A0EB4800729C60 /* AlertControllerHelper.swift */,
				840F3A3B20A1EAB7000B46E0 /* ConfigRevealView.swift */,
				845626E720A61D06006D55E1 /* FactoryFormatterDate.swift */,
			);
			path = helpers;
			sourceTree = "<group>";
		};
		8492A13420A0F07600729C60 /* SWRevealViewController */ = {
			isa = PBXGroup;
			children = (
				8492A13520A0F07600729C60 /* SWRevealViewController.h */,
				8492A13620A0F07600729C60 /* SWRevealViewController.m */,
			);
			path = SWRevealViewController;
			sourceTree = "<group>";
		};
		8492A13B20A1051300729C60 /* controllers */ = {
			isa = PBXGroup;
			children = (
				845626E520A611AF006D55E1 /* DatePickerViewController.swift */,
				84D158E720A3AACA00B0957B /* PostViewController.swift */,
				840F3A3920A1E9C4000B46E0 /* ProfileUser.swift */,
				8492A11D20A0C59700729C60 /* AccessViewController.swift */,
				8492A13920A0FBED00729C60 /* LastNewsTableViewController.swift */,
			);
			path = controllers;
			sourceTree = "<group>";
		};
		84D158EB20A3B85200B0957B /* models */ = {
			isa = PBXGroup;
			children = (
				84D158E920A3B4E800B0957B /* Post.swift */,
				8446B2F220A4DB14001E70BE /* Friend.swift */,
			);
			path = models;
			sourceTree = "<group>";
		};
		C34501EB3FFC4B57F29BAE03 /* Pods */ = {
			isa = PBXGroup;
			children = (
				23D79FC58A6B5CF6F835E667 /* Pods-Tinsnappook.debug.xcconfig */,
				303DEBF8699B0336B342FC2D /* Pods-Tinsnappook.release.xcconfig */,
			);
			name = Pods;
			sourceTree = "<group>";
		};
		DC3CAD956C2E46C7E628AF3C /* Frameworks */ = {
			isa = PBXGroup;
			children = (
				715730B42FD77F36B61DFBF6 /* Pods_Tinsnappook.framework */,
			);
			name = Frameworks;
			sourceTree = "<group>";
		};
/* End PBXGroup section */

/* Begin PBXNativeTarget section */
		8492A11720A0C59700729C60 /* Tinsnappook */ = {
			isa = PBXNativeTarget;
			buildConfigurationList = 8492A12A20A0C59800729C60 /* Build configuration list for PBXNativeTarget "Tinsnappook" */;
			buildPhases = (
				969BCDFFD70C34F6682BC5DF /* [CP] Check Pods Manifest.lock */,
				8492A11420A0C59700729C60 /* Sources */,
				8492A11520A0C59700729C60 /* Frameworks */,
				8492A11620A0C59700729C60 /* Resources */,
				AF289AA0DECB91DD2B41C616 /* [CP] Embed Pods Frameworks */,
			);
			buildRules = (
			);
			dependencies = (
			);
			name = Tinsnappook;
			productName = Tinsnappook;
			productReference = 8492A11820A0C59700729C60 /* Tinsnappook.app */;
			productType = "com.apple.product-type.application";
		};
/* End PBXNativeTarget section */

/* Begin PBXProject section */
		8492A11020A0C59700729C60 /* Project object */ = {
			isa = PBXProject;
			attributes = {
				LastSwiftUpdateCheck = 0930;
				LastUpgradeCheck = 0930;
				ORGANIZATIONNAME = edgarespindola;
				TargetAttributes = {
					8492A11720A0C59700729C60 = {
						CreatedOnToolsVersion = 9.3;
					};
				};
			};
			buildConfigurationList = 8492A11320A0C59700729C60 /* Build configuration list for PBXProject "Tinsnappook" */;
			compatibilityVersion = "Xcode 9.3";
			developmentRegion = en;
			hasScannedForEncodings = 0;
			knownRegions = (
				en,
				Base,
			);
			mainGroup = 8492A10F20A0C59700729C60;
			productRefGroup = 8492A11920A0C59700729C60 /* Products */;
			projectDirPath = "";
			projectRoot = "";
			targets = (
				8492A11720A0C59700729C60 /* Tinsnappook */,
			);
		};
/* End PBXProject section */

/* Begin PBXResourcesBuildPhase section */
		8492A11620A0C59700729C60 /* Resources */ = {
			isa = PBXResourcesBuildPhase;
			buildActionMask = 2147483647;
			files = (
				8492A12620A0C59800729C60 /* LaunchScreen.storyboard in Resources */,
				84D158E620A3A72F00B0957B /* ToDo in Resources */,
				8492A12E20A0DBC300729C60 /* GoogleService-Info.plist in Resources */,
				8492A12320A0C59800729C60 /* Assets.xcassets in Resources */,
				8492A12120A0C59700729C60 /* Main.storyboard in Resources */,
			);
			runOnlyForDeploymentPostprocessing = 0;
		};
/* End PBXResourcesBuildPhase section */

/* Begin PBXShellScriptBuildPhase section */
		969BCDFFD70C34F6682BC5DF /* [CP] Check Pods Manifest.lock */ = {
			isa = PBXShellScriptBuildPhase;
			buildActionMask = 2147483647;
			files = (
			);
			inputPaths = (
				"${PODS_PODFILE_DIR_PATH}/Podfile.lock",
				"${PODS_ROOT}/Manifest.lock",
			);
			name = "[CP] Check Pods Manifest.lock";
			outputPaths = (
				"$(DERIVED_FILE_DIR)/Pods-Tinsnappook-checkManifestLockResult.txt",
			);
			runOnlyForDeploymentPostprocessing = 0;
			shellPath = /bin/sh;
			shellScript = "diff \"${PODS_PODFILE_DIR_PATH}/Podfile.lock\" \"${PODS_ROOT}/Manifest.lock\" > /dev/null\nif [ $? != 0 ] ; then\n    # print error to STDERR\n    echo \"error: The sandbox is not in sync with the Podfile.lock. Run 'pod install' or update your CocoaPods installation.\" >&2\n    exit 1\nfi\n# This output is used by Xcode 'outputs' to avoid re-running this script phase.\necho \"SUCCESS\" > \"${SCRIPT_OUTPUT_FILE_0}\"\n";
			showEnvVarsInLog = 0;
		};
		AF289AA0DECB91DD2B41C616 /* [CP] Embed Pods Frameworks */ = {
			isa = PBXShellScriptBuildPhase;
			buildActionMask = 2147483647;
			files = (
			);
			inputPaths = (
				"${SRCROOT}/Pods/Target Support Files/Pods-Tinsnappook/Pods-Tinsnappook-frameworks.sh",
				"${BUILT_PRODUCTS_DIR}/GTMSessionFetcher/GTMSessionFetcher.framework",
				"${BUILT_PRODUCTS_DIR}/GoogleToolboxForMac/GoogleToolboxForMac.framework",
				"${BUILT_PRODUCTS_DIR}/leveldb-library/leveldb.framework",
				"${BUILT_PRODUCTS_DIR}/nanopb/nanopb.framework",
			);
			name = "[CP] Embed Pods Frameworks";
			outputPaths = (
				"${TARGET_BUILD_DIR}/${FRAMEWORKS_FOLDER_PATH}/GTMSessionFetcher.framework",
				"${TARGET_BUILD_DIR}/${FRAMEWORKS_FOLDER_PATH}/GoogleToolboxForMac.framework",
				"${TARGET_BUILD_DIR}/${FRAMEWORKS_FOLDER_PATH}/leveldb.framework",
				"${TARGET_BUILD_DIR}/${FRAMEWORKS_FOLDER_PATH}/nanopb.framework",
			);
			runOnlyForDeploymentPostprocessing = 0;
			shellPath = /bin/sh;
			shellScript = "\"${SRCROOT}/Pods/Target Support Files/Pods-Tinsnappook/Pods-Tinsnappook-frameworks.sh\"\n";
			showEnvVarsInLog = 0;
		};
/* End PBXShellScriptBuildPhase section */

/* Begin PBXSourcesBuildPhase section */
		8492A11420A0C59700729C60 /* Sources */ = {
			isa = PBXSourcesBuildPhase;
			buildActionMask = 2147483647;
			files = (
				8446B2F320A4DB14001E70BE /* Friend.swift in Sources */,
				84D158E820A3AACA00B0957B /* PostViewController.swift in Sources */,
				8492A11E20A0C59700729C60 /* AccessViewController.swift in Sources */,
				8446B2EE20A488C3001E70BE /* PostsService.swift in Sources */,
				840F3A3C20A1EAB7000B46E0 /* ConfigRevealView.swift in Sources */,
				8492A13020A0E45A00729C60 /* ConfigActivityIndicator.swift in Sources */,
				8492A13A20A0FBED00729C60 /* LastNewsTableViewController.swift in Sources */,
				8492A13720A0F07700729C60 /* SWRevealViewController.m in Sources */,
				8492A13320A0EB4800729C60 /* AlertControllerHelper.swift in Sources */,
				840F3A3A20A1E9C4000B46E0 /* ProfileUser.swift in Sources */,
				8492A11C20A0C59700729C60 /* AppDelegate.swift in Sources */,
				845626E620A611AF006D55E1 /* DatePickerViewController.swift in Sources */,
				84D158EA20A3B4E800B0957B /* Post.swift in Sources */,
				8446B2F520A4DCEC001E70BE /* FriendsService.swift in Sources */,
				8446B2F020A4D6AC001E70BE /* PostTableViewCell.swift in Sources */,
				845626E820A61D06006D55E1 /* FactoryFormatterDate.swift in Sources */,
			);
			runOnlyForDeploymentPostprocessing = 0;
		};
/* End PBXSourcesBuildPhase section */

/* Begin PBXVariantGroup section */
		8492A11F20A0C59700729C60 /* Main.storyboard */ = {
			isa = PBXVariantGroup;
			children = (
				8492A12020A0C59700729C60 /* Base */,
			);
			name = Main.storyboard;
			sourceTree = "<group>";
		};
		8492A12420A0C59800729C60 /* LaunchScreen.storyboard */ = {
			isa = PBXVariantGroup;
			children = (
				8492A12520A0C59800729C60 /* Base */,
			);
			name = LaunchScreen.storyboard;
			sourceTree = "<group>";
		};
/* End PBXVariantGroup section */

/* Begin XCBuildConfiguration section */
		8492A12820A0C59800729C60 /* Debug */ = {
			isa = XCBuildConfiguration;
			buildSettings = {
				ALWAYS_SEARCH_USER_PATHS = NO;
				CLANG_ANALYZER_NONNULL = YES;
				CLANG_ANALYZER_NUMBER_OBJECT_CONVERSION = YES_AGGRESSIVE;
				CLANG_CXX_LANGUAGE_STANDARD = "gnu++14";
				CLANG_CXX_LIBRARY = "libc++";
				CLANG_ENABLE_MODULES = YES;
				CLANG_ENABLE_OBJC_ARC = YES;
				CLANG_ENABLE_OBJC_WEAK = YES;
				CLANG_WARN_BLOCK_CAPTURE_AUTORELEASING = YES;
				CLANG_WARN_BOOL_CONVERSION = YES;
				CLANG_WARN_COMMA = YES;
				CLANG_WARN_CONSTANT_CONVERSION = YES;
				CLANG_WARN_DEPRECATED_OBJC_IMPLEMENTATIONS = YES;
				CLANG_WARN_DIRECT_OBJC_ISA_USAGE = YES_ERROR;
				CLANG_WARN_DOCUMENTATION_COMMENTS = YES;
				CLANG_WARN_EMPTY_BODY = YES;
				CLANG_WARN_ENUM_CONVERSION = YES;
				CLANG_WARN_INFINITE_RECURSION = YES;
				CLANG_WARN_INT_CONVERSION = YES;
				CLANG_WARN_NON_LITERAL_NULL_CONVERSION = YES;
				CLANG_WARN_OBJC_IMPLICIT_RETAIN_SELF = YES;
				CLANG_WARN_OBJC_LITERAL_CONVERSION = YES;
				CLANG_WARN_OBJC_ROOT_CLASS = YES_ERROR;
				CLANG_WARN_RANGE_LOOP_ANALYSIS = YES;
				CLANG_WARN_STRICT_PROTOTYPES = YES;
				CLANG_WARN_SUSPICIOUS_MOVE = YES;
				CLANG_WARN_UNGUARDED_AVAILABILITY = YES_AGGRESSIVE;
				CLANG_WARN_UNREACHABLE_CODE = YES;
				CLANG_WARN__DUPLICATE_METHOD_MATCH = YES;
				CODE_SIGN_IDENTITY = "iPhone Developer";
				COPY_PHASE_STRIP = NO;
				DEBUG_INFORMATION_FORMAT = dwarf;
				ENABLE_STRICT_OBJC_MSGSEND = YES;
				ENABLE_TESTABILITY = YES;
				GCC_C_LANGUAGE_STANDARD = gnu11;
				GCC_DYNAMIC_NO_PIC = NO;
				GCC_NO_COMMON_BLOCKS = YES;
				GCC_OPTIMIZATION_LEVEL = 0;
				GCC_PREPROCESSOR_DEFINITIONS = (
					"DEBUG=1",
					"$(inherited)",
				);
				GCC_WARN_64_TO_32_BIT_CONVERSION = YES;
				GCC_WARN_ABOUT_RETURN_TYPE = YES_ERROR;
				GCC_WARN_UNDECLARED_SELECTOR = YES;
				GCC_WARN_UNINITIALIZED_AUTOS = YES_AGGRESSIVE;
				GCC_WARN_UNUSED_FUNCTION = YES;
				GCC_WARN_UNUSED_VARIABLE = YES;
				IPHONEOS_DEPLOYMENT_TARGET = 11.3;
				MTL_ENABLE_DEBUG_INFO = YES;
				ONLY_ACTIVE_ARCH = YES;
				SDKROOT = iphoneos;
				SWIFT_ACTIVE_COMPILATION_CONDITIONS = DEBUG;
				SWIFT_OPTIMIZATION_LEVEL = "-Onone";
			};
			name = Debug;
		};
		8492A12920A0C59800729C60 /* Release */ = {
			isa = XCBuildConfiguration;
			buildSettings = {
				ALWAYS_SEARCH_USER_PATHS = NO;
				CLANG_ANALYZER_NONNULL = YES;
				CLANG_ANALYZER_NUMBER_OBJECT_CONVERSION = YES_AGGRESSIVE;
				CLANG_CXX_LANGUAGE_STANDARD = "gnu++14";
				CLANG_CXX_LIBRARY = "libc++";
				CLANG_ENABLE_MODULES = YES;
				CLANG_ENABLE_OBJC_ARC = YES;
				CLANG_ENABLE_OBJC_WEAK = YES;
				CLANG_WARN_BLOCK_CAPTURE_AUTORELEASING = YES;
				CLANG_WARN_BOOL_CONVERSION = YES;
				CLANG_WARN_COMMA = YES;
				CLANG_WARN_CONSTANT_CONVERSION = YES;
				CLANG_WARN_DEPRECATED_OBJC_IMPLEMENTATIONS = YES;
				CLANG_WARN_DIRECT_OBJC_ISA_USAGE = YES_ERROR;
				CLANG_WARN_DOCUMENTATION_COMMENTS = YES;
				CLANG_WARN_EMPTY_BODY = YES;
				CLANG_WARN_ENUM_CONVERSION = YES;
				CLANG_WARN_INFINITE_RECURSION = YES;
				CLANG_WARN_INT_CONVERSION = YES;
				CLANG_WARN_NON_LITERAL_NULL_CONVERSION = YES;
				CLANG_WARN_OBJC_IMPLICIT_RETAIN_SELF = YES;
				CLANG_WARN_OBJC_LITERAL_CONVERSION = YES;
				CLANG_WARN_OBJC_ROOT_CLASS = YES_ERROR;
				CLANG_WARN_RANGE_LOOP_ANALYSIS = YES;
				CLANG_WARN_STRICT_PROTOTYPES = YES;
				CLANG_WARN_SUSPICIOUS_MOVE = YES;
				CLANG_WARN_UNGUARDED_AVAILABILITY = YES_AGGRESSIVE;
				CLANG_WARN_UNREACHABLE_CODE = YES;
				CLANG_WARN__DUPLICATE_METHOD_MATCH = YES;
				CODE_SIGN_IDENTITY = "iPhone Developer";
				COPY_PHASE_STRIP = NO;
				DEBUG_INFORMATION_FORMAT = "dwarf-with-dsym";
				ENABLE_NS_ASSERTIONS = NO;
				ENABLE_STRICT_OBJC_MSGSEND = YES;
				GCC_C_LANGUAGE_STANDARD = gnu11;
				GCC_NO_COMMON_BLOCKS = YES;
				GCC_WARN_64_TO_32_BIT_CONVERSION = YES;
				GCC_WARN_ABOUT_RETURN_TYPE = YES_ERROR;
				GCC_WARN_UNDECLARED_SELECTOR = YES;
				GCC_WARN_UNINITIALIZED_AUTOS = YES_AGGRESSIVE;
				GCC_WARN_UNUSED_FUNCTION = YES;
				GCC_WARN_UNUSED_VARIABLE = YES;
				IPHONEOS_DEPLOYMENT_TARGET = 11.3;
				MTL_ENABLE_DEBUG_INFO = NO;
				SDKROOT = iphoneos;
				SWIFT_COMPILATION_MODE = wholemodule;
				SWIFT_OPTIMIZATION_LEVEL = "-O";
				VALIDATE_PRODUCT = YES;
			};
			name = Release;
		};
		8492A12B20A0C59800729C60 /* Debug */ = {
			isa = XCBuildConfiguration;
			baseConfigurationReference = 23D79FC58A6B5CF6F835E667 /* Pods-Tinsnappook.debug.xcconfig */;
			buildSettings = {
				ASSETCATALOG_COMPILER_APPICON_NAME = AppIcon;
				CODE_SIGN_STYLE = Automatic;
				DEVELOPMENT_TEAM = 642542NRQ4;
				INFOPLIST_FILE = Tinsnappook/Info.plist;
				LD_RUNPATH_SEARCH_PATHS = (
					"$(inherited)",
					"@executable_path/Frameworks",
				);
				PRODUCT_BUNDLE_IDENTIFIER = com.edgarespindola.Tinsnappook;
				PRODUCT_NAME = "$(TARGET_NAME)";
				SWIFT_OBJC_BRIDGING_HEADER = Tinsnappook/RevealViewBridging.h;
				SWIFT_VERSION = 4.0;
				TARGETED_DEVICE_FAMILY = "1,2";
			};
			name = Debug;
		};
		8492A12C20A0C59800729C60 /* Release */ = {
			isa = XCBuildConfiguration;
			baseConfigurationReference = 303DEBF8699B0336B342FC2D /* Pods-Tinsnappook.release.xcconfig */;
			buildSettings = {
				ASSETCATALOG_COMPILER_APPICON_NAME = AppIcon;
				CODE_SIGN_STYLE = Automatic;
				DEVELOPMENT_TEAM = 642542NRQ4;
				INFOPLIST_FILE = Tinsnappook/Info.plist;
				LD_RUNPATH_SEARCH_PATHS = (
					"$(inherited)",
					"@executable_path/Frameworks",
				);
				PRODUCT_BUNDLE_IDENTIFIER = com.edgarespindola.Tinsnappook;
				PRODUCT_NAME = "$(TARGET_NAME)";
				SWIFT_OBJC_BRIDGING_HEADER = Tinsnappook/RevealViewBridging.h;
				SWIFT_VERSION = 4.0;
				TARGETED_DEVICE_FAMILY = "1,2";
			};
			name = Release;
		};
/* End XCBuildConfiguration section */

/* Begin XCConfigurationList section */
		8492A11320A0C59700729C60 /* Build configuration list for PBXProject "Tinsnappook" */ = {
			isa = XCConfigurationList;
			buildConfigurations = (
				8492A12820A0C59800729C60 /* Debug */,
				8492A12920A0C59800729C60 /* Release */,
			);
			defaultConfigurationIsVisible = 0;
			defaultConfigurationName = Release;
		};
		8492A12A20A0C59800729C60 /* Build configuration list for PBXNativeTarget "Tinsnappook" */ = {
			isa = XCConfigurationList;
			buildConfigurations = (
				8492A12B20A0C59800729C60 /* Debug */,
				8492A12C20A0C59800729C60 /* Release */,
			);
			defaultConfigurationIsVisible = 0;
			defaultConfigurationName = Release;
		};
/* End XCConfigurationList section */
	};
	rootObject = 8492A11020A0C59700729C60 /* Project object */;
}
